
Microsoft Visual Studio Solution File, Format Version 12.00
# Visual Studio Version 16
VisualStudioVersion = 16.0.28917.181
MinimumVisualStudioVersion = 10.0.40219.1
Project("{FAE04EC0-301F-11D3-BF4B-00C04F79EFBC}") = "SkillsMatter.Domain", "SkillsMatter.DDD\SkillsMatter.Domain.csproj", "{7F36EED3-531A-4313-93AA-09878502BA6F}"
EndProject
Project("{FAE04EC0-301F-11D3-BF4B-00C04F79EFBC}") = "SkillsMatter.Test", "Test\SkillsMatter.Test.csproj", "{89704B80-FBE7-4230-B36F-60EF9BDFC83A}"
EndProject
Global
	GlobalSection(SolutionConfigurationPlatforms) = preSolution
		Debug|Any CPU = Debug|Any CPU
		Release|Any CPU = Release|Any CPU
	EndGlobalSection
	GlobalSection(ProjectConfigurationPlatforms) = postSolution
		{7F36EED3-531A-4313-93AA-09878502BA6F}.Debug|Any CPU.ActiveCfg = Debug|Any CPU
		{7F36EED3-531A-4313-93AA-09878502BA6F}.Debug|Any CPU.Build.0 = Debug|Any CPU
		{7F36EED3-531A-4313-93AA-09878502BA6F}.Release|Any CPU.ActiveCfg = Release|Any CPU
		{7F36EED3-531A-4313-93AA-09878502BA6F}.Release|Any CPU.Build.0 = Release|Any CPU
		{89704B80-FBE7-4230-B36F-60EF9BDFC83A}.Debug|Any CPU.ActiveCfg = Debug|Any CPU
		{89704B80-FBE7-4230-B36F-60EF9BDFC83A}.Debug|Any CPU.Build.0 = Debug|Any CPU
		{89704B80-FBE7-4230-B36F-60EF9BDFC83A}.Release|Any CPU.ActiveCfg = Release|Any CPU
		{89704B80-FBE7-4230-B36F-60EF9BDFC83A}.Release|Any CPU.Build.0 = Release|Any CPU
	EndGlobalSection
	GlobalSection(SolutionProperties) = preSolution
		HideSolutionNode = FALSE
	EndGlobalSection
	GlobalSection(ExtensibilityGlobals) = postSolution
		SolutionGuid = {1CCA0BF5-49BF-449B-ABB7-2897CC5AD8D2}
	EndGlobalSection
EndGlobal
